
Microsoft Visual Studio Solution File, Format Version 12.00
Project("{FAE04EC0-301F-11D3-BF4B-00C04F79EFBC}") = "Easy-Save-Core", "Easy-Save-Core\Easy-Save-Core.csproj", "{59A57223-8E38-4A0F-B815-6C2BA7B385AC}"
EndProject
Project("{FAE04EC0-301F-11D3-BF4B-00C04F79EFBC}") = "Easy-Save-Tests", "Easy-Save-Tests\Easy-Save-Tests.csproj", "{3A1BBC5B-5A8B-4558-B739-301BAED4060C}"
EndProject
Project("{FAE04EC0-301F-11D3-BF4B-00C04F79EFBC}") = "Easy-Save-CLI", "Easy-Save-CLI\Easy-Save-CLI.csproj", "{4FB425B4-5AC2-49F6-AFBA-8F535A70DD73}"
EndProject
Project("{FAE04EC0-301F-11D3-BF4B-00C04F79EFBC}") = "Easy-Save-WPF", "Easy-Save-WPF\Easy-Save-WPF.csproj", "{36C958FB-FDCB-4ECF-BC72-2E776636DE0F}"
EndProject
Global
	GlobalSection(SolutionConfigurationPlatforms) = preSolution
		Debug|Any CPU = Debug|Any CPU
		Release|Any CPU = Release|Any CPU
	EndGlobalSection
	GlobalSection(ProjectConfigurationPlatforms) = postSolution
		{59A57223-8E38-4A0F-B815-6C2BA7B385AC}.Debug|Any CPU.ActiveCfg = Debug|Any CPU
		{59A57223-8E38-4A0F-B815-6C2BA7B385AC}.Debug|Any CPU.Build.0 = Debug|Any CPU
		{59A57223-8E38-4A0F-B815-6C2BA7B385AC}.Release|Any CPU.ActiveCfg = Release|Any CPU
		{59A57223-8E38-4A0F-B815-6C2BA7B385AC}.Release|Any CPU.Build.0 = Release|Any CPU
		{3A1BBC5B-5A8B-4558-B739-301BAED4060C}.Debug|Any CPU.ActiveCfg = Debug|Any CPU
		{3A1BBC5B-5A8B-4558-B739-301BAED4060C}.Debug|Any CPU.Build.0 = Debug|Any CPU
		{3A1BBC5B-5A8B-4558-B739-301BAED4060C}.Release|Any CPU.ActiveCfg = Release|Any CPU
		{3A1BBC5B-5A8B-4558-B739-301BAED4060C}.Release|Any CPU.Build.0 = Release|Any CPU
		{4FB425B4-5AC2-49F6-AFBA-8F535A70DD73}.Debug|Any CPU.ActiveCfg = Debug|Any CPU
		{4FB425B4-5AC2-49F6-AFBA-8F535A70DD73}.Debug|Any CPU.Build.0 = Debug|Any CPU
		{4FB425B4-5AC2-49F6-AFBA-8F535A70DD73}.Release|Any CPU.ActiveCfg = Release|Any CPU
		{4FB425B4-5AC2-49F6-AFBA-8F535A70DD73}.Release|Any CPU.Build.0 = Release|Any CPU
		{36C958FB-FDCB-4ECF-BC72-2E776636DE0F}.Debug|Any CPU.ActiveCfg = Debug|Any CPU
		{36C958FB-FDCB-4ECF-BC72-2E776636DE0F}.Debug|Any CPU.Build.0 = Debug|Any CPU
		{36C958FB-FDCB-4ECF-BC72-2E776636DE0F}.Release|Any CPU.ActiveCfg = Release|Any CPU
		{36C958FB-FDCB-4ECF-BC72-2E776636DE0F}.Release|Any CPU.Build.0 = Release|Any CPU
	EndGlobalSection
EndGlobal
