
Microsoft Visual Studio Solution File, Format Version 12.00
Project("{FAE04EC0-301F-11D3-BF4B-00C04F79EFBC}") = "EasySave-CLEA", "EasySave-CLEA.csproj", "{DC3BF453-8D1D-4AAE-B329-F2EDB97E33EF}"
EndProject
Global
	GlobalSection(SolutionConfigurationPlatforms) = preSolution
		Debug|Any CPU = Debug|Any CPU
		Release|Any CPU = Release|Any CPU
	EndGlobalSection
	GlobalSection(ProjectConfigurationPlatforms) = postSolution
		{DC3BF453-8D1D-4AAE-B329-F2EDB97E33EF}.Debug|Any CPU.ActiveCfg = Debug|Any CPU
		{DC3BF453-8D1D-4AAE-B329-F2EDB97E33EF}.Debug|Any CPU.Build.0 = Debug|Any CPU
		{DC3BF453-8D1D-4AAE-B329-F2EDB97E33EF}.Release|Any CPU.ActiveCfg = Release|Any CPU
		{DC3BF453-8D1D-4AAE-B329-F2EDB97E33EF}.Release|Any CPU.Build.0 = Release|Any CPU
	EndGlobalSection
EndGlobal
